
Microsoft Visual Studio Solution File, Format Version 12.00
# Visual Studio Version 17
VisualStudioVersion = 17.7.34031.279
MinimumVisualStudioVersion = 10.0.40219.1
Project("{FAE04EC0-301F-11D3-BF4B-00C04F79EFBC}") = "WinClientApp", "WinClientApp.csproj", "{A20209AA-FCC7-493D-8CB8-307E131F00C7}"
EndProject
Project("{9A19103F-16F7-4668-BE54-9A1E7A4F7556}") = "SharedModel", "..\SharedModel\SharedModel.csproj", "{035B0FDE-33DC-4A73-8DF2-2B4004612F5D}"
EndProject
Global
	GlobalSection(SolutionConfigurationPlatforms) = preSolution
		Debug|Any CPU = Debug|Any CPU
		Release|Any CPU = Release|Any CPU
	EndGlobalSection
	GlobalSection(ProjectConfigurationPlatforms) = postSolution
		{A20209AA-FCC7-493D-8CB8-307E131F00C7}.Debug|Any CPU.ActiveCfg = Debug|Any CPU
		{A20209AA-FCC7-493D-8CB8-307E131F00C7}.Debug|Any CPU.Build.0 = Debug|Any CPU
		{A20209AA-FCC7-493D-8CB8-307E131F00C7}.Release|Any CPU.ActiveCfg = Release|Any CPU
		{A20209AA-FCC7-493D-8CB8-307E131F00C7}.Release|Any CPU.Build.0 = Release|Any CPU
		{035B0FDE-33DC-4A73-8DF2-2B4004612F5D}.Debug|Any CPU.ActiveCfg = Debug|Any CPU
		{035B0FDE-33DC-4A73-8DF2-2B4004612F5D}.Debug|Any CPU.Build.0 = Debug|Any CPU
		{035B0FDE-33DC-4A73-8DF2-2B4004612F5D}.Release|Any CPU.ActiveCfg = Release|Any CPU
		{035B0FDE-33DC-4A73-8DF2-2B4004612F5D}.Release|Any CPU.Build.0 = Release|Any CPU
	EndGlobalSection
	GlobalSection(SolutionProperties) = preSolution
		HideSolutionNode = FALSE
	EndGlobalSection
	GlobalSection(ExtensibilityGlobals) = postSolution
		SolutionGuid = {4E080249-6350-4396-804E-627D877997C7}
	EndGlobalSection
EndGlobal
